// !$*UTF8*$!
{
	archiveVersion = 1;
	classes = {
	};
	objectVersion = 55;
	objects = {

/* Begin PBXBuildFile section */
		CA05E6F22746C9E300CB5AE9 /* Alamofire in Frameworks */ = {isa = PBXBuildFile; productRef = CA05E6F12746C9E300CB5AE9 /* Alamofire */; };
		CA05E6F52746CA0600CB5AE9 /* Kingfisher in Frameworks */ = {isa = PBXBuildFile; productRef = CA05E6F42746CA0600CB5AE9 /* Kingfisher */; };
		CA9E1C7D2744005300D62875 /* AppDelegate.swift in Sources */ = {isa = PBXBuildFile; fileRef = CA9E1C7C2744005300D62875 /* AppDelegate.swift */; };
		CA9E1C7F2744005300D62875 /* SceneDelegate.swift in Sources */ = {isa = PBXBuildFile; fileRef = CA9E1C7E2744005300D62875 /* SceneDelegate.swift */; };
		CA9E1C812744005300D62875 /* ViewController.swift in Sources */ = {isa = PBXBuildFile; fileRef = CA9E1C802744005300D62875 /* ViewController.swift */; };
		CA9E1C842744005300D62875 /* Main.storyboard in Resources */ = {isa = PBXBuildFile; fileRef = CA9E1C822744005300D62875 /* Main.storyboard */; };
		CA9E1C862744005500D62875 /* Assets.xcassets in Resources */ = {isa = PBXBuildFile; fileRef = CA9E1C852744005500D62875 /* Assets.xcassets */; };
		CA9E1C892744005500D62875 /* LaunchScreen.storyboard in Resources */ = {isa = PBXBuildFile; fileRef = CA9E1C872744005500D62875 /* LaunchScreen.storyboard */; };
		CA9E1C912744010700D62875 /* LoginViewModel.swift in Sources */ = {isa = PBXBuildFile; fileRef = CA9E1C902744010700D62875 /* LoginViewModel.swift */; };
		CA9E1C932744019F00D62875 /* MainCoordinator.swift in Sources */ = {isa = PBXBuildFile; fileRef = CA9E1C922744019F00D62875 /* MainCoordinator.swift */; };
		CAC87E5927469A2300FAA68F /* VKLoginWebView.swift in Sources */ = {isa = PBXBuildFile; fileRef = CAC87E5827469A2300FAA68F /* VKLoginWebView.swift */; };
		CAC87E5E27469C9200FAA68F /* MainTabBarView.swift in Sources */ = {isa = PBXBuildFile; fileRef = CAC87E5D27469C9200FAA68F /* MainTabBarView.swift */; };
/* End PBXBuildFile section */

/* Begin PBXFileReference section */
		CA9E1C792744005300D62875 /* YSVKCoordinator.app */ = {isa = PBXFileReference; explicitFileType = wrapper.application; includeInIndex = 0; path = YSVKCoordinator.app; sourceTree = BUILT_PRODUCTS_DIR; };
		CA9E1C7C2744005300D62875 /* AppDelegate.swift */ = {isa = PBXFileReference; lastKnownFileType = sourcecode.swift; path = AppDelegate.swift; sourceTree = "<group>"; };
		CA9E1C7E2744005300D62875 /* SceneDelegate.swift */ = {isa = PBXFileReference; lastKnownFileType = sourcecode.swift; path = SceneDelegate.swift; sourceTree = "<group>"; };
		CA9E1C802744005300D62875 /* ViewController.swift */ = {isa = PBXFileReference; lastKnownFileType = sourcecode.swift; path = ViewController.swift; sourceTree = "<group>"; };
		CA9E1C832744005300D62875 /* Base */ = {isa = PBXFileReference; lastKnownFileType = file.storyboard; name = Base; path = Base.lproj/Main.storyboard; sourceTree = "<group>"; };
		CA9E1C852744005500D62875 /* Assets.xcassets */ = {isa = PBXFileReference; lastKnownFileType = folder.assetcatalog; path = Assets.xcassets; sourceTree = "<group>"; };
		CA9E1C882744005500D62875 /* Base */ = {isa = PBXFileReference; lastKnownFileType = file.storyboard; name = Base; path = Base.lproj/LaunchScreen.storyboard; sourceTree = "<group>"; };
		CA9E1C8A2744005500D62875 /* Info.plist */ = {isa = PBXFileReference; lastKnownFileType = text.plist.xml; path = Info.plist; sourceTree = "<group>"; };
		CA9E1C902744010700D62875 /* LoginViewModel.swift */ = {isa = PBXFileReference; lastKnownFileType = sourcecode.swift; path = LoginViewModel.swift; sourceTree = "<group>"; };
		CA9E1C922744019F00D62875 /* MainCoordinator.swift */ = {isa = PBXFileReference; lastKnownFileType = sourcecode.swift; path = MainCoordinator.swift; sourceTree = "<group>"; };
		CAC87E5827469A2300FAA68F /* VKLoginWebView.swift */ = {isa = PBXFileReference; lastKnownFileType = sourcecode.swift; path = VKLoginWebView.swift; sourceTree = "<group>"; };
		CAC87E5D27469C9200FAA68F /* MainTabBarView.swift */ = {isa = PBXFileReference; lastKnownFileType = sourcecode.swift; path = MainTabBarView.swift; sourceTree = "<group>"; };
/* End PBXFileReference section */

/* Begin PBXFrameworksBuildPhase section */
		CA9E1C762744005300D62875 /* Frameworks */ = {
			isa = PBXFrameworksBuildPhase;
			buildActionMask = 2147483647;
			files = (
				CA05E6F52746CA0600CB5AE9 /* Kingfisher in Frameworks */,
				CA05E6F22746C9E300CB5AE9 /* Alamofire in Frameworks */,
			);
			runOnlyForDeploymentPostprocessing = 0;
		};
/* End PBXFrameworksBuildPhase section */

/* Begin PBXGroup section */
		CA9E1C702744005300D62875 = {
			isa = PBXGroup;
			children = (
				CA9E1C7B2744005300D62875 /* YSVKCoordinator */,
				CA9E1C7A2744005300D62875 /* Products */,
			);
			sourceTree = "<group>";
		};
		CA9E1C7A2744005300D62875 /* Products */ = {
			isa = PBXGroup;
			children = (
				CA9E1C792744005300D62875 /* YSVKCoordinator.app */,
			);
			name = Products;
			sourceTree = "<group>";
		};
		CA9E1C7B2744005300D62875 /* YSVKCoordinator */ = {
			isa = PBXGroup;
			children = (
				CA9E1C7C2744005300D62875 /* AppDelegate.swift */,
				CAC87E5C27469C5F00FAA68F /* MainCoordinator */,
				CAC87E5B27469C3700FAA68F /* LoginViewModel */,
				CAC87E5A27469A3A00FAA68F /* VKLoginWebView */,
				CAC87E5F27469CC300FAA68F /* MainTabBarView */,
				CA9E1C7E2744005300D62875 /* SceneDelegate.swift */,
				CA9E1C802744005300D62875 /* ViewController.swift */,
				CA9E1C822744005300D62875 /* Main.storyboard */,
				CA9E1C852744005500D62875 /* Assets.xcassets */,
				CA9E1C872744005500D62875 /* LaunchScreen.storyboard */,
				CA9E1C8A2744005500D62875 /* Info.plist */,
			);
			path = YSVKCoordinator;
			sourceTree = "<group>";
		};
		CAC87E5A27469A3A00FAA68F /* VKLoginWebView */ = {
			isa = PBXGroup;
			children = (
				CAC87E5827469A2300FAA68F /* VKLoginWebView.swift */,
			);
			path = VKLoginWebView;
			sourceTree = "<group>";
		};
		CAC87E5B27469C3700FAA68F /* LoginViewModel */ = {
			isa = PBXGroup;
			children = (
				CA9E1C902744010700D62875 /* LoginViewModel.swift */,
			);
			path = LoginViewModel;
			sourceTree = "<group>";
		};
		CAC87E5C27469C5F00FAA68F /* MainCoordinator */ = {
			isa = PBXGroup;
			children = (
				CA9E1C922744019F00D62875 /* MainCoordinator.swift */,
			);
			path = MainCoordinator;
			sourceTree = "<group>";
		};
		CAC87E5F27469CC300FAA68F /* MainTabBarView */ = {
			isa = PBXGroup;
			children = (
				CAC87E5D27469C9200FAA68F /* MainTabBarView.swift */,
			);
			path = MainTabBarView;
			sourceTree = "<group>";
		};
/* End PBXGroup section */

/* Begin PBXNativeTarget section */
		CA9E1C782744005300D62875 /* YSVKCoordinator */ = {
			isa = PBXNativeTarget;
			buildConfigurationList = CA9E1C8D2744005500D62875 /* Build configuration list for PBXNativeTarget "YSVKCoordinator" */;
			buildPhases = (
				CA9E1C752744005300D62875 /* Sources */,
				CA9E1C762744005300D62875 /* Frameworks */,
				CA9E1C772744005300D62875 /* Resources */,
			);
			buildRules = (
			);
			dependencies = (
			);
			name = YSVKCoordinator;
			packageProductDependencies = (
				CA05E6F12746C9E300CB5AE9 /* Alamofire */,
				CA05E6F42746CA0600CB5AE9 /* Kingfisher */,
			);
			productName = YSVKCoordinator;
			productReference = CA9E1C792744005300D62875 /* YSVKCoordinator.app */;
			productType = "com.apple.product-type.application";
		};
/* End PBXNativeTarget section */

/* Begin PBXProject section */
		CA9E1C712744005300D62875 /* Project object */ = {
			isa = PBXProject;
			attributes = {
				BuildIndependentTargetsInParallel = 1;
				LastSwiftUpdateCheck = 1310;
				LastUpgradeCheck = 1310;
				TargetAttributes = {
					CA9E1C782744005300D62875 = {
						CreatedOnToolsVersion = 13.1;
					};
				};
			};
			buildConfigurationList = CA9E1C742744005300D62875 /* Build configuration list for PBXProject "YSVKCoordinator" */;
			compatibilityVersion = "Xcode 13.0";
			developmentRegion = en;
			hasScannedForEncodings = 0;
			knownRegions = (
				en,
				Base,
			);
			mainGroup = CA9E1C702744005300D62875;
			packageReferences = (
				CA05E6F02746C9E300CB5AE9 /* XCRemoteSwiftPackageReference "Alamofire" */,
				CA05E6F32746CA0600CB5AE9 /* XCRemoteSwiftPackageReference "Kingfisher" */,
			);
			productRefGroup = CA9E1C7A2744005300D62875 /* Products */;
			projectDirPath = "";
			projectRoot = "";
			targets = (
				CA9E1C782744005300D62875 /* YSVKCoordinator */,
			);
		};
/* End PBXProject section */

/* Begin PBXResourcesBuildPhase section */
		CA9E1C772744005300D62875 /* Resources */ = {
			isa = PBXResourcesBuildPhase;
			buildActionMask = 2147483647;
			files = (
				CA9E1C892744005500D62875 /* LaunchScreen.storyboard in Resources */,
				CA9E1C862744005500D62875 /* Assets.xcassets in Resources */,
				CA9E1C842744005300D62875 /* Main.storyboard in Resources */,
			);
			runOnlyForDeploymentPostprocessing = 0;
		};
/* End PBXResourcesBuildPhase section */

/* Begin PBXSourcesBuildPhase section */
		CA9E1C752744005300D62875 /* Sources */ = {
			isa = PBXSourcesBuildPhase;
			buildActionMask = 2147483647;
			files = (
				CA9E1C912744010700D62875 /* LoginViewModel.swift in Sources */,
				CA9E1C812744005300D62875 /* ViewController.swift in Sources */,
				CAC87E5E27469C9200FAA68F /* MainTabBarView.swift in Sources */,
				CA9E1C7D2744005300D62875 /* AppDelegate.swift in Sources */,
				CA9E1C932744019F00D62875 /* MainCoordinator.swift in Sources */,
				CAC87E5927469A2300FAA68F /* VKLoginWebView.swift in Sources */,
				CA9E1C7F2744005300D62875 /* SceneDelegate.swift in Sources */,
			);
			runOnlyForDeploymentPostprocessing = 0;
		};
/* End PBXSourcesBuildPhase section */

/* Begin PBXVariantGroup section */
		CA9E1C822744005300D62875 /* Main.storyboard */ = {
			isa = PBXVariantGroup;
			children = (
				CA9E1C832744005300D62875 /* Base */,
			);
			name = Main.storyboard;
			sourceTree = "<group>";
		};
		CA9E1C872744005500D62875 /* LaunchScreen.storyboard */ = {
			isa = PBXVariantGroup;
			children = (
				CA9E1C882744005500D62875 /* Base */,
			);
			name = LaunchScreen.storyboard;
			sourceTree = "<group>";
		};
/* End PBXVariantGroup section */

/* Begin XCBuildConfiguration section */
		CA9E1C8B2744005500D62875 /* Debug */ = {
			isa = XCBuildConfiguration;
			buildSettings = {
				ALWAYS_SEARCH_USER_PATHS = NO;
				CLANG_ANALYZER_NONNULL = YES;
				CLANG_ANALYZER_NUMBER_OBJECT_CONVERSION = YES_AGGRESSIVE;
				CLANG_CXX_LANGUAGE_STANDARD = "gnu++17";
				CLANG_CXX_LIBRARY = "libc++";
				CLANG_ENABLE_MODULES = YES;
				CLANG_ENABLE_OBJC_ARC = YES;
				CLANG_ENABLE_OBJC_WEAK = YES;
				CLANG_WARN_BLOCK_CAPTURE_AUTORELEASING = YES;
				CLANG_WARN_BOOL_CONVERSION = YES;
				CLANG_WARN_COMMA = YES;
				CLANG_WARN_CONSTANT_CONVERSION = YES;
				CLANG_WARN_DEPRECATED_OBJC_IMPLEMENTATIONS = YES;
				CLANG_WARN_DIRECT_OBJC_ISA_USAGE = YES_ERROR;
				CLANG_WARN_DOCUMENTATION_COMMENTS = YES;
				CLANG_WARN_EMPTY_BODY = YES;
				CLANG_WARN_ENUM_CONVERSION = YES;
				CLANG_WARN_INFINITE_RECURSION = YES;
				CLANG_WARN_INT_CONVERSION = YES;
				CLANG_WARN_NON_LITERAL_NULL_CONVERSION = YES;
				CLANG_WARN_OBJC_IMPLICIT_RETAIN_SELF = YES;
				CLANG_WARN_OBJC_LITERAL_CONVERSION = YES;
				CLANG_WARN_OBJC_ROOT_CLASS = YES_ERROR;
				CLANG_WARN_QUOTED_INCLUDE_IN_FRAMEWORK_HEADER = YES;
				CLANG_WARN_RANGE_LOOP_ANALYSIS = YES;
				CLANG_WARN_STRICT_PROTOTYPES = YES;
				CLANG_WARN_SUSPICIOUS_MOVE = YES;
				CLANG_WARN_UNGUARDED_AVAILABILITY = YES_AGGRESSIVE;
				CLANG_WARN_UNREACHABLE_CODE = YES;
				CLANG_WARN__DUPLICATE_METHOD_MATCH = YES;
				COPY_PHASE_STRIP = NO;
				DEBUG_INFORMATION_FORMAT = dwarf;
				ENABLE_STRICT_OBJC_MSGSEND = YES;
				ENABLE_TESTABILITY = YES;
				GCC_C_LANGUAGE_STANDARD = gnu11;
				GCC_DYNAMIC_NO_PIC = NO;
				GCC_NO_COMMON_BLOCKS = YES;
				GCC_OPTIMIZATION_LEVEL = 0;
				GCC_PREPROCESSOR_DEFINITIONS = (
					"DEBUG=1",
					"$(inherited)",
				);
				GCC_WARN_64_TO_32_BIT_CONVERSION = YES;
				GCC_WARN_ABOUT_RETURN_TYPE = YES_ERROR;
				GCC_WARN_UNDECLARED_SELECTOR = YES;
				GCC_WARN_UNINITIALIZED_AUTOS = YES_AGGRESSIVE;
				GCC_WARN_UNUSED_FUNCTION = YES;
				GCC_WARN_UNUSED_VARIABLE = YES;
				IPHONEOS_DEPLOYMENT_TARGET = 15.0;
				MTL_ENABLE_DEBUG_INFO = INCLUDE_SOURCE;
				MTL_FAST_MATH = YES;
				ONLY_ACTIVE_ARCH = YES;
				SDKROOT = iphoneos;
				SWIFT_ACTIVE_COMPILATION_CONDITIONS = DEBUG;
				SWIFT_OPTIMIZATION_LEVEL = "-Onone";
			};
			name = Debug;
		};
		CA9E1C8C2744005500D62875 /* Release */ = {
			isa = XCBuildConfiguration;
			buildSettings = {
				ALWAYS_SEARCH_USER_PATHS = NO;
				CLANG_ANALYZER_NONNULL = YES;
				CLANG_ANALYZER_NUMBER_OBJECT_CONVERSION = YES_AGGRESSIVE;
				CLANG_CXX_LANGUAGE_STANDARD = "gnu++17";
				CLANG_CXX_LIBRARY = "libc++";
				CLANG_ENABLE_MODULES = YES;
				CLANG_ENABLE_OBJC_ARC = YES;
				CLANG_ENABLE_OBJC_WEAK = YES;
				CLANG_WARN_BLOCK_CAPTURE_AUTORELEASING = YES;
				CLANG_WARN_BOOL_CONVERSION = YES;
				CLANG_WARN_COMMA = YES;
				CLANG_WARN_CONSTANT_CONVERSION = YES;
				CLANG_WARN_DEPRECATED_OBJC_IMPLEMENTATIONS = YES;
				CLANG_WARN_DIRECT_OBJC_ISA_USAGE = YES_ERROR;
				CLANG_WARN_DOCUMENTATION_COMMENTS = YES;
				CLANG_WARN_EMPTY_BODY = YES;
				CLANG_WARN_ENUM_CONVERSION = YES;
				CLANG_WARN_INFINITE_RECURSION = YES;
				CLANG_WARN_INT_CONVERSION = YES;
				CLANG_WARN_NON_LITERAL_NULL_CONVERSION = YES;
				CLANG_WARN_OBJC_IMPLICIT_RETAIN_SELF = YES;
				CLANG_WARN_OBJC_LITERAL_CONVERSION = YES;
				CLANG_WARN_OBJC_ROOT_CLASS = YES_ERROR;
				CLANG_WARN_QUOTED_INCLUDE_IN_FRAMEWORK_HEADER = YES;
				CLANG_WARN_RANGE_LOOP_ANALYSIS = YES;
				CLANG_WARN_STRICT_PROTOTYPES = YES;
				CLANG_WARN_SUSPICIOUS_MOVE = YES;
				CLANG_WARN_UNGUARDED_AVAILABILITY = YES_AGGRESSIVE;
				CLANG_WARN_UNREACHABLE_CODE = YES;
				CLANG_WARN__DUPLICATE_METHOD_MATCH = YES;
				COPY_PHASE_STRIP = NO;
				DEBUG_INFORMATION_FORMAT = "dwarf-with-dsym";
				ENABLE_NS_ASSERTIONS = NO;
				ENABLE_STRICT_OBJC_MSGSEND = YES;
				GCC_C_LANGUAGE_STANDARD = gnu11;
				GCC_NO_COMMON_BLOCKS = YES;
				GCC_WARN_64_TO_32_BIT_CONVERSION = YES;
				GCC_WARN_ABOUT_RETURN_TYPE = YES_ERROR;
				GCC_WARN_UNDECLARED_SELECTOR = YES;
				GCC_WARN_UNINITIALIZED_AUTOS = YES_AGGRESSIVE;
				GCC_WARN_UNUSED_FUNCTION = YES;
				GCC_WARN_UNUSED_VARIABLE = YES;
				IPHONEOS_DEPLOYMENT_TARGET = 15.0;
				MTL_ENABLE_DEBUG_INFO = NO;
				MTL_FAST_MATH = YES;
				SDKROOT = iphoneos;
				SWIFT_COMPILATION_MODE = wholemodule;
				SWIFT_OPTIMIZATION_LEVEL = "-O";
				VALIDATE_PRODUCT = YES;
			};
			name = Release;
		};
		CA9E1C8E2744005500D62875 /* Debug */ = {
			isa = XCBuildConfiguration;
			buildSettings = {
				ASSETCATALOG_COMPILER_APPICON_NAME = AppIcon;
				ASSETCATALOG_COMPILER_GLOBAL_ACCENT_COLOR_NAME = AccentColor;
				CODE_SIGN_STYLE = Automatic;
				CURRENT_PROJECT_VERSION = 1;
				DEVELOPMENT_TEAM = 4NK62H99X6;
				GENERATE_INFOPLIST_FILE = YES;
				INFOPLIST_FILE = YSVKCoordinator/Info.plist;
				INFOPLIST_KEY_UIApplicationSupportsIndirectInputEvents = YES;
				INFOPLIST_KEY_UILaunchStoryboardName = LaunchScreen;
				INFOPLIST_KEY_UIMainStoryboardFile = Main;
				INFOPLIST_KEY_UISupportedInterfaceOrientations_iPad = "UIInterfaceOrientationPortrait UIInterfaceOrientationPortraitUpsideDown UIInterfaceOrientationLandscapeLeft UIInterfaceOrientationLandscapeRight";
				INFOPLIST_KEY_UISupportedInterfaceOrientations_iPhone = "UIInterfaceOrientationPortrait UIInterfaceOrientationLandscapeLeft UIInterfaceOrientationLandscapeRight";
				LD_RUNPATH_SEARCH_PATHS = (
					"$(inherited)",
					"@executable_path/Frameworks",
				);
				MARKETING_VERSION = 1.0;
				PRODUCT_BUNDLE_IDENTIFIER = com.jareksedy.YSVKCoordinator;
				PRODUCT_NAME = "$(TARGET_NAME)";
				SWIFT_EMIT_LOC_STRINGS = YES;
				SWIFT_VERSION = 5.0;
				TARGETED_DEVICE_FAMILY = "1,2";
			};
			name = Debug;
		};
		CA9E1C8F2744005500D62875 /* Release */ = {
			isa = XCBuildConfiguration;
			buildSettings = {
				ASSETCATALOG_COMPILER_APPICON_NAME = AppIcon;
				ASSETCATALOG_COMPILER_GLOBAL_ACCENT_COLOR_NAME = AccentColor;
				CODE_SIGN_STYLE = Automatic;
				CURRENT_PROJECT_VERSION = 1;
				DEVELOPMENT_TEAM = 4NK62H99X6;
				GENERATE_INFOPLIST_FILE = YES;
				INFOPLIST_FILE = YSVKCoordinator/Info.plist;
				INFOPLIST_KEY_UIApplicationSupportsIndirectInputEvents = YES;
				INFOPLIST_KEY_UILaunchStoryboardName = LaunchScreen;
				INFOPLIST_KEY_UIMainStoryboardFile = Main;
				INFOPLIST_KEY_UISupportedInterfaceOrientations_iPad = "UIInterfaceOrientationPortrait UIInterfaceOrientationPortraitUpsideDown UIInterfaceOrientationLandscapeLeft UIInterfaceOrientationLandscapeRight";
				INFOPLIST_KEY_UISupportedInterfaceOrientations_iPhone = "UIInterfaceOrientationPortrait UIInterfaceOrientationLandscapeLeft UIInterfaceOrientationLandscapeRight";
				LD_RUNPATH_SEARCH_PATHS = (
					"$(inherited)",
					"@executable_path/Frameworks",
				);
				MARKETING_VERSION = 1.0;
				PRODUCT_BUNDLE_IDENTIFIER = com.jareksedy.YSVKCoordinator;
				PRODUCT_NAME = "$(TARGET_NAME)";
				SWIFT_EMIT_LOC_STRINGS = YES;
				SWIFT_VERSION = 5.0;
				TARGETED_DEVICE_FAMILY = "1,2";
			};
			name = Release;
		};
/* End XCBuildConfiguration section */

/* Begin XCConfigurationList section */
		CA9E1C742744005300D62875 /* Build configuration list for PBXProject "YSVKCoordinator" */ = {
			isa = XCConfigurationList;
			buildConfigurations = (
				CA9E1C8B2744005500D62875 /* Debug */,
				CA9E1C8C2744005500D62875 /* Release */,
			);
			defaultConfigurationIsVisible = 0;
			defaultConfigurationName = Release;
		};
		CA9E1C8D2744005500D62875 /* Build configuration list for PBXNativeTarget "YSVKCoordinator" */ = {
			isa = XCConfigurationList;
			buildConfigurations = (
				CA9E1C8E2744005500D62875 /* Debug */,
				CA9E1C8F2744005500D62875 /* Release */,
			);
			defaultConfigurationIsVisible = 0;
			defaultConfigurationName = Release;
		};
/* End XCConfigurationList section */

/* Begin XCRemoteSwiftPackageReference section */
		CA05E6F02746C9E300CB5AE9 /* XCRemoteSwiftPackageReference "Alamofire" */ = {
			isa = XCRemoteSwiftPackageReference;
			repositoryURL = "https://github.com/Alamofire/Alamofire.git";
			requirement = {
				kind = upToNextMajorVersion;
				minimumVersion = 5.0.0;
			};
		};
		CA05E6F32746CA0600CB5AE9 /* XCRemoteSwiftPackageReference "Kingfisher" */ = {
			isa = XCRemoteSwiftPackageReference;
			repositoryURL = "https://github.com/onevcat/Kingfisher.git";
			requirement = {
				kind = upToNextMajorVersion;
				minimumVersion = 7.0.0;
			};
		};
/* End XCRemoteSwiftPackageReference section */

/* Begin XCSwiftPackageProductDependency section */
		CA05E6F12746C9E300CB5AE9 /* Alamofire */ = {
			isa = XCSwiftPackageProductDependency;
			package = CA05E6F02746C9E300CB5AE9 /* XCRemoteSwiftPackageReference "Alamofire" */;
			productName = Alamofire;
		};
		CA05E6F42746CA0600CB5AE9 /* Kingfisher */ = {
			isa = XCSwiftPackageProductDependency;
			package = CA05E6F32746CA0600CB5AE9 /* XCRemoteSwiftPackageReference "Kingfisher" */;
			productName = Kingfisher;
		};
/* End XCSwiftPackageProductDependency section */
	};
	rootObject = CA9E1C712744005300D62875 /* Project object */;
}
